
Microsoft Visual Studio Solution File, Format Version 12.00
# Visual Studio Version 17
VisualStudioVersion = 17.1.32421.90
MinimumVisualStudioVersion = 10.0.40219.1
Project("{9A19103F-16F7-4668-BE54-9A1E7A4F7556}") = "AutomobileLibrary", "AutomobileLibrary\AutomobileLibrary.csproj", "{0380210C-D9F6-4044-AD9E-A6D1DE2D9E23}"
EndProject
Project("{FAE04EC0-301F-11D3-BF4B-00C04F79EFBC}") = "AutomobileWinApp", "AutomobileWinApp\AutomobileWinApp.csproj", "{EC92CCF3-63A3-444E-9AE2-3AC08604DA02}"
EndProject
Global
	GlobalSection(SolutionConfigurationPlatforms) = preSolution
		Debug|Any CPU = Debug|Any CPU
		Release|Any CPU = Release|Any CPU
	EndGlobalSection
	GlobalSection(ProjectConfigurationPlatforms) = postSolution
		{0380210C-D9F6-4044-AD9E-A6D1DE2D9E23}.Debug|Any CPU.ActiveCfg = Debug|Any CPU
		{0380210C-D9F6-4044-AD9E-A6D1DE2D9E23}.Debug|Any CPU.Build.0 = Debug|Any CPU
		{0380210C-D9F6-4044-AD9E-A6D1DE2D9E23}.Release|Any CPU.ActiveCfg = Release|Any CPU
		{0380210C-D9F6-4044-AD9E-A6D1DE2D9E23}.Release|Any CPU.Build.0 = Release|Any CPU
		{EC92CCF3-63A3-444E-9AE2-3AC08604DA02}.Debug|Any CPU.ActiveCfg = Debug|Any CPU
		{EC92CCF3-63A3-444E-9AE2-3AC08604DA02}.Debug|Any CPU.Build.0 = Debug|Any CPU
		{EC92CCF3-63A3-444E-9AE2-3AC08604DA02}.Release|Any CPU.ActiveCfg = Release|Any CPU
		{EC92CCF3-63A3-444E-9AE2-3AC08604DA02}.Release|Any CPU.Build.0 = Release|Any CPU
	EndGlobalSection
	GlobalSection(SolutionProperties) = preSolution
		HideSolutionNode = FALSE
	EndGlobalSection
	GlobalSection(ExtensibilityGlobals) = postSolution
		SolutionGuid = {7C1980FE-7003-4B20-9771-C645F61F2381}
	EndGlobalSection
EndGlobal
